
Microsoft Visual Studio Solution File, Format Version 12.00
# Visual Studio Version 17
VisualStudioVersion = 17.11.35312.102
MinimumVisualStudioVersion = 10.0.40219.1
Project("{FAE04EC0-301F-11D3-BF4B-00C04F79EFBC}") = "CiP", "CiP\CiP.csproj", "{EE5FDD9C-D0A2-43DC-9CB6-3EA42E43BF48}"
EndProject
Global
	GlobalSection(SolutionConfigurationPlatforms) = preSolution
		Debug|Any CPU = Debug|Any CPU
		Release|Any CPU = Release|Any CPU
	EndGlobalSection
	GlobalSection(ProjectConfigurationPlatforms) = postSolution
		{EE5FDD9C-D0A2-43DC-9CB6-3EA42E43BF48}.Debug|Any CPU.ActiveCfg = Debug|Any CPU
		{EE5FDD9C-D0A2-43DC-9CB6-3EA42E43BF48}.Debug|Any CPU.Build.0 = Debug|Any CPU
		{EE5FDD9C-D0A2-43DC-9CB6-3EA42E43BF48}.Release|Any CPU.ActiveCfg = Release|Any CPU
		{EE5FDD9C-D0A2-43DC-9CB6-3EA42E43BF48}.Release|Any CPU.Build.0 = Release|Any CPU
	EndGlobalSection
	GlobalSection(SolutionProperties) = preSolution
		HideSolutionNode = FALSE
	EndGlobalSection
	GlobalSection(ExtensibilityGlobals) = postSolution
		SolutionGuid = {47292C47-C455-450E-BE01-D71634CBC14E}
	EndGlobalSection
EndGlobal
